
Microsoft Visual Studio Solution File, Format Version 12.00
# Visual Studio Version 17
VisualStudioVersion = 17.11.35327.3
MinimumVisualStudioVersion = 10.0.40219.1
Project("{FAE04EC0-301F-11D3-BF4B-00C04F79EFBC}") = "EmailSending", "EmailSending\EmailSending.csproj", "{EAEEDED7-B692-4C64-AE20-4DCCB20409B1}"
EndProject
Global
	GlobalSection(SolutionConfigurationPlatforms) = preSolution
		Debug|Any CPU = Debug|Any CPU
		Release|Any CPU = Release|Any CPU
	EndGlobalSection
	GlobalSection(ProjectConfigurationPlatforms) = postSolution
		{EAEEDED7-B692-4C64-AE20-4DCCB20409B1}.Debug|Any CPU.ActiveCfg = Debug|Any CPU
		{EAEEDED7-B692-4C64-AE20-4DCCB20409B1}.Debug|Any CPU.Build.0 = Debug|Any CPU
		{EAEEDED7-B692-4C64-AE20-4DCCB20409B1}.Release|Any CPU.ActiveCfg = Release|Any CPU
		{EAEEDED7-B692-4C64-AE20-4DCCB20409B1}.Release|Any CPU.Build.0 = Release|Any CPU
	EndGlobalSection
	GlobalSection(SolutionProperties) = preSolution
		HideSolutionNode = FALSE
	EndGlobalSection
	GlobalSection(ExtensibilityGlobals) = postSolution
		SolutionGuid = {38EE2DDA-4597-4B1D-8611-E31832A5FFA9}
	EndGlobalSection
EndGlobal
